
Microsoft Visual Studio Solution File, Format Version 12.00
# Visual Studio Version 17
VisualStudioVersion = 17.0.31521.260
MinimumVisualStudioVersion = 10.0.40219.1
Project("{9A19103F-16F7-4668-BE54-9A1E7A4F7556}") = "MP_Asset_EF", "MP_Asset_EF\MP_Asset_EF.csproj", "{B67E7218-9C56-4814-9BB6-611BD701C481}"
EndProject
Project("{2150E333-8FDC-42A3-9474-1A3956D46DE8}") = "Solution Items", "Solution Items", "{D0231DDA-259B-4B13-9E1B-C80E45468755}"
EndProject
Global
	GlobalSection(SolutionConfigurationPlatforms) = preSolution
		Debug|Any CPU = Debug|Any CPU
		Release|Any CPU = Release|Any CPU
	EndGlobalSection
	GlobalSection(ProjectConfigurationPlatforms) = postSolution
		{B67E7218-9C56-4814-9BB6-611BD701C481}.Debug|Any CPU.ActiveCfg = Debug|Any CPU
		{B67E7218-9C56-4814-9BB6-611BD701C481}.Debug|Any CPU.Build.0 = Debug|Any CPU
		{B67E7218-9C56-4814-9BB6-611BD701C481}.Release|Any CPU.ActiveCfg = Release|Any CPU
		{B67E7218-9C56-4814-9BB6-611BD701C481}.Release|Any CPU.Build.0 = Release|Any CPU
	EndGlobalSection
	GlobalSection(SolutionProperties) = preSolution
		HideSolutionNode = FALSE
	EndGlobalSection
	GlobalSection(ExtensibilityGlobals) = postSolution
		SolutionGuid = {0FED87C2-E4D8-4A87-A068-2B9EC9C2BCEC}
	EndGlobalSection
EndGlobal
