
Microsoft Visual Studio Solution File, Format Version 12.00
# Visual Studio Version 16
VisualStudioVersion = 16.0.31321.278
MinimumVisualStudioVersion = 10.0.40219.1
Project("{FAE04EC0-301F-11D3-BF4B-00C04F79EFBC}") = "ConsoleAppEF1", "ConsoleAppEF1\ConsoleAppEF1.csproj", "{EC858C2D-1A60-4F7C-9DCC-2E23E5A5A798}"
EndProject
Global
	GlobalSection(SolutionConfigurationPlatforms) = preSolution
		Debug|Any CPU = Debug|Any CPU
		Release|Any CPU = Release|Any CPU
	EndGlobalSection
	GlobalSection(ProjectConfigurationPlatforms) = postSolution
		{EC858C2D-1A60-4F7C-9DCC-2E23E5A5A798}.Debug|Any CPU.ActiveCfg = Debug|Any CPU
		{EC858C2D-1A60-4F7C-9DCC-2E23E5A5A798}.Debug|Any CPU.Build.0 = Debug|Any CPU
		{EC858C2D-1A60-4F7C-9DCC-2E23E5A5A798}.Release|Any CPU.ActiveCfg = Release|Any CPU
		{EC858C2D-1A60-4F7C-9DCC-2E23E5A5A798}.Release|Any CPU.Build.0 = Release|Any CPU
	EndGlobalSection
	GlobalSection(SolutionProperties) = preSolution
		HideSolutionNode = FALSE
	EndGlobalSection
	GlobalSection(ExtensibilityGlobals) = postSolution
		SolutionGuid = {4FB776F8-6CA9-49B7-9EB3-146E23E0F9D6}
	EndGlobalSection
EndGlobal
